github.com/icza/backscanner v0.0.0-20241124160932-dff01ac50250 h1:BNmTcPx0VddsU1pIgq3GoXtO8ek6tygVtj+l37Dcqo0=
github.com/icza/backscanner v0.0.0-20241124160932-dff01ac50250/go.mod h1:GYeBD1CF7AqnKZK+UCytLcY3G+UKo0ByXX/3xfdNyqQ=
github.com/icza/mighty v0.0.0-20180919140131-cfd07d671de6/go.mod h1:xQig96I1VNBDIWGCdTt54nHt6EeI639SmHycLYL7FkA=
